
Microsoft Visual Studio Solution File, Format Version 12.00
# Visual Studio Version 17
VisualStudioVersion = 17.3.32922.545
MinimumVisualStudioVersion = 10.0.40219.1
Project("{FAE04EC0-301F-11D3-BF4B-00C04F79EFBC}") = "CaracalGateway", "CaracalGateway\CaracalGateway.csproj", "{B153BFD6-3A5D-4176-99E7-449F1290BC90}"
EndProject
Project("{FAE04EC0-301F-11D3-BF4B-00C04F79EFBC}") = "CaracalGateway.Tests", "CaracalGateway.Tests\CaracalGateway.Tests.csproj", "{7AB4C6D1-C152-47A7-A097-801B30E9C9C0}"
EndProject
Global
	GlobalSection(SolutionConfigurationPlatforms) = preSolution
		Debug|Any CPU = Debug|Any CPU
		Release|Any CPU = Release|Any CPU
	EndGlobalSection
	GlobalSection(ProjectConfigurationPlatforms) = postSolution
		{B153BFD6-3A5D-4176-99E7-449F1290BC90}.Debug|Any CPU.ActiveCfg = Debug|Any CPU
		{B153BFD6-3A5D-4176-99E7-449F1290BC90}.Debug|Any CPU.Build.0 = Debug|Any CPU
		{B153BFD6-3A5D-4176-99E7-449F1290BC90}.Release|Any CPU.ActiveCfg = Release|Any CPU
		{B153BFD6-3A5D-4176-99E7-449F1290BC90}.Release|Any CPU.Build.0 = Release|Any CPU
		{7AB4C6D1-C152-47A7-A097-801B30E9C9C0}.Debug|Any CPU.ActiveCfg = Debug|Any CPU
		{7AB4C6D1-C152-47A7-A097-801B30E9C9C0}.Debug|Any CPU.Build.0 = Debug|Any CPU
		{7AB4C6D1-C152-47A7-A097-801B30E9C9C0}.Release|Any CPU.ActiveCfg = Release|Any CPU
		{7AB4C6D1-C152-47A7-A097-801B30E9C9C0}.Release|Any CPU.Build.0 = Release|Any CPU
	EndGlobalSection
	GlobalSection(SolutionProperties) = preSolution
		HideSolutionNode = FALSE
	EndGlobalSection
	GlobalSection(ExtensibilityGlobals) = postSolution
		SolutionGuid = {B689A4E6-26D7-4A7D-AF18-22F4DCA56DD8}
	EndGlobalSection
EndGlobal
